
Microsoft Visual Studio Solution File, Format Version 12.00
# Visual Studio Version 17
VisualStudioVersion = 17.0.31903.59
MinimumVisualStudioVersion = 10.0.40219.1
Project("{FAE04EC0-301F-11D3-BF4B-00C04F79EFBC}") = "API", "API\API.csproj", "{B1E55D00-3EDC-4D2E-98A5-874A11B4B224}"
EndProject
Project("{FAE04EC0-301F-11D3-BF4B-00C04F79EFBC}") = "Core", "Core\Core.csproj", "{4EF4AAC6-C626-481E-8A22-B4C494930028}"
EndProject
Project("{FAE04EC0-301F-11D3-BF4B-00C04F79EFBC}") = "Infrastructure", "Infrastructure\Infrastructure.csproj", "{0EABDD36-3882-4AF0-A0F6-2738E0B3CAF9}"
EndProject
Global
	GlobalSection(SolutionConfigurationPlatforms) = preSolution
		Debug|Any CPU = Debug|Any CPU
		Release|Any CPU = Release|Any CPU
	EndGlobalSection
	GlobalSection(SolutionProperties) = preSolution
		HideSolutionNode = FALSE
	EndGlobalSection
	GlobalSection(ProjectConfigurationPlatforms) = postSolution
		{B1E55D00-3EDC-4D2E-98A5-874A11B4B224}.Debug|Any CPU.ActiveCfg = Debug|Any CPU
		{B1E55D00-3EDC-4D2E-98A5-874A11B4B224}.Debug|Any CPU.Build.0 = Debug|Any CPU
		{B1E55D00-3EDC-4D2E-98A5-874A11B4B224}.Release|Any CPU.ActiveCfg = Release|Any CPU
		{B1E55D00-3EDC-4D2E-98A5-874A11B4B224}.Release|Any CPU.Build.0 = Release|Any CPU
		{4EF4AAC6-C626-481E-8A22-B4C494930028}.Debug|Any CPU.ActiveCfg = Debug|Any CPU
		{4EF4AAC6-C626-481E-8A22-B4C494930028}.Debug|Any CPU.Build.0 = Debug|Any CPU
		{4EF4AAC6-C626-481E-8A22-B4C494930028}.Release|Any CPU.ActiveCfg = Release|Any CPU
		{4EF4AAC6-C626-481E-8A22-B4C494930028}.Release|Any CPU.Build.0 = Release|Any CPU
		{0EABDD36-3882-4AF0-A0F6-2738E0B3CAF9}.Debug|Any CPU.ActiveCfg = Debug|Any CPU
		{0EABDD36-3882-4AF0-A0F6-2738E0B3CAF9}.Debug|Any CPU.Build.0 = Debug|Any CPU
		{0EABDD36-3882-4AF0-A0F6-2738E0B3CAF9}.Release|Any CPU.ActiveCfg = Release|Any CPU
		{0EABDD36-3882-4AF0-A0F6-2738E0B3CAF9}.Release|Any CPU.Build.0 = Release|Any CPU
	EndGlobalSection
EndGlobal
